
Microsoft Visual Studio Solution File, Format Version 12.00
# Visual Studio Version 17
VisualStudioVersion = 17.8.34330.188
MinimumVisualStudioVersion = 10.0.40219.1
Project("{8BC9CEB8-8B4A-11D0-8D11-00A0C91BC942}") = "ConsoleApplication1", "ConsoleApplication1\ConsoleApplication1.vcxproj", "{FF30E402-29DB-4A31-9E1E-F87CB9460BA3}"
EndProject
Global
	GlobalSection(SolutionConfigurationPlatforms) = preSolution
		Debug|x64 = Debug|x64
		Debug|x86 = Debug|x86
		Release|x64 = Release|x64
		Release|x86 = Release|x86
	EndGlobalSection
	GlobalSection(ProjectConfigurationPlatforms) = postSolution
		{FF30E402-29DB-4A31-9E1E-F87CB9460BA3}.Debug|x64.ActiveCfg = Debug|x64
		{FF30E402-29DB-4A31-9E1E-F87CB9460BA3}.Debug|x64.Build.0 = Debug|x64
		{FF30E402-29DB-4A31-9E1E-F87CB9460BA3}.Debug|x86.ActiveCfg = Debug|Win32
		{FF30E402-29DB-4A31-9E1E-F87CB9460BA3}.Debug|x86.Build.0 = Debug|Win32
		{FF30E402-29DB-4A31-9E1E-F87CB9460BA3}.Release|x64.ActiveCfg = Release|x64
		{FF30E402-29DB-4A31-9E1E-F87CB9460BA3}.Release|x64.Build.0 = Release|x64
		{FF30E402-29DB-4A31-9E1E-F87CB9460BA3}.Release|x86.ActiveCfg = Release|Win32
		{FF30E402-29DB-4A31-9E1E-F87CB9460BA3}.Release|x86.Build.0 = Release|Win32
	EndGlobalSection
	GlobalSection(SolutionProperties) = preSolution
		HideSolutionNode = FALSE
	EndGlobalSection
	GlobalSection(ExtensibilityGlobals) = postSolution
		SolutionGuid = {7139AECC-DE5B-44FE-AF4F-B58DB701B137}
	EndGlobalSection
EndGlobal
